// !$*UTF8*$!
{
	archiveVersion = 1;
	classes = {
	};
	objectVersion = 46;
	objects = {

/* Begin PBXBuildFile section */
		0F9E7A9419ECE2F300203893 /* main.c in Sources */ = {isa = PBXBuildFile; fileRef = 0F9E7A9319ECE2F300203893 /* main.c */; };
		0FB56CCB19EE5CA1009A7981 /* Program10.4.c in Sources */ = {isa = PBXBuildFile; fileRef = 0FB56CCA19EE5CA1009A7981 /* Program10.4.c */; };
		0FB56CCD19EE629D009A7981 /* Program10.5.c in Sources */ = {isa = PBXBuildFile; fileRef = 0FB56CCC19EE629D009A7981 /* Program10.5.c */; };
		0FB56CCF19EE649A009A7981 /* Program10.6.c in Sources */ = {isa = PBXBuildFile; fileRef = 0FB56CCE19EE649A009A7981 /* Program10.6.c */; };
		0FB56CD119EE74B0009A7981 /* Program10.7.c in Sources */ = {isa = PBXBuildFile; fileRef = 0FB56CD019EE74B0009A7981 /* Program10.7.c */; };
		0FB56CD319EE88B2009A7981 /* Program10.8.c in Sources */ = {isa = PBXBuildFile; fileRef = 0FB56CD219EE88B2009A7981 /* Program10.8.c */; };
		0FEF2CC519ECE4530064CEDA /* Chapter3Exercise2.c in Sources */ = {isa = PBXBuildFile; fileRef = 0FEF2C7719ECE4530064CEDA /* Chapter3Exercise2.c */; };
		0FEF2CC619ECE4530064CEDA /* Chapter3Exercise4.c in Sources */ = {isa = PBXBuildFile; fileRef = 0FEF2C7819ECE4530064CEDA /* Chapter3Exercise4.c */; };
		0FEF2CC719ECE4530064CEDA /* Chapter3Exercise6.c in Sources */ = {isa = PBXBuildFile; fileRef = 0FEF2C7919ECE4530064CEDA /* Chapter3Exercise6.c */; };
		0FEF2CC819ECE4530064CEDA /* Chapter4Exercise4.c in Sources */ = {isa = PBXBuildFile; fileRef = 0FEF2C7A19ECE4530064CEDA /* Chapter4Exercise4.c */; };
		0FEF2CC919ECE4530064CEDA /* Chapter4Exercise6.c in Sources */ = {isa = PBXBuildFile; fileRef = 0FEF2C7B19ECE4530064CEDA /* Chapter4Exercise6.c */; };
		0FEF2CCA19ECE4530064CEDA /* Chapter5Exercise2.c in Sources */ = {isa = PBXBuildFile; fileRef = 0FEF2C7C19ECE4530064CEDA /* Chapter5Exercise2.c */; };
		0FEF2CCB19ECE4530064CEDA /* Chapter5Exercise3.c in Sources */ = {isa = PBXBuildFile; fileRef = 0FEF2C7D19ECE4530064CEDA /* Chapter5Exercise3.c */; };
		0FEF2CCC19ECE4530064CEDA /* Chapter5Exercise4.c in Sources */ = {isa = PBXBuildFile; fileRef = 0FEF2C7E19ECE4530064CEDA /* Chapter5Exercise4.c */; };
		0FEF2CCD19ECE4530064CEDA /* Chapter6Exercise2.c in Sources */ = {isa = PBXBuildFile; fileRef = 0FEF2C7F19ECE4530064CEDA /* Chapter6Exercise2.c */; };
		0FEF2CCE19ECE4530064CEDA /* Chapter6Exercise3.c in Sources */ = {isa = PBXBuildFile; fileRef = 0FEF2C8019ECE4530064CEDA /* Chapter6Exercise3.c */; };
		0FEF2CCF19ECE4530064CEDA /* Chapter9Exercise2.c in Sources */ = {isa = PBXBuildFile; fileRef = 0FEF2C8119ECE4530064CEDA /* Chapter9Exercise2.c */; };
		0FEF2CD019ECE4530064CEDA /* CoolStuff.c in Sources */ = {isa = PBXBuildFile; fileRef = 0FEF2C8219ECE4530064CEDA /* CoolStuff.c */; };
		0FEF2CD119ECE4530064CEDA /* CProgrammingMidTermJoshuaMiller.c in Sources */ = {isa = PBXBuildFile; fileRef = 0FEF2C8319ECE4530064CEDA /* CProgrammingMidTermJoshuaMiller.c */; };
		0FEF2CD219ECE4530064CEDA /* HomeworkAssignment2JoshuaMiller.c in Sources */ = {isa = PBXBuildFile; fileRef = 0FEF2C8419ECE4530064CEDA /* HomeworkAssignment2JoshuaMiller.c */; };
		0FEF2CD319ECE4530064CEDA /* HomeworkAssignment3JoshuaMiller.c in Sources */ = {isa = PBXBuildFile; fileRef = 0FEF2C8519ECE4530064CEDA /* HomeworkAssignment3JoshuaMiller.c */; };
		0FEF2CD419ECE4530064CEDA /* HomeworkAssignment4JoshuaMiller.c in Sources */ = {isa = PBXBuildFile; fileRef = 0FEF2C8619ECE4530064CEDA /* HomeworkAssignment4JoshuaMiller.c */; };
		0FEF2CD519ECE4530064CEDA /* HomeworkAssignment5JoshuaMiller.c in Sources */ = {isa = PBXBuildFile; fileRef = 0FEF2C8719ECE4530064CEDA /* HomeworkAssignment5JoshuaMiller.c */; };
		0FEF2CD619ECE4530064CEDA /* LoopingHomeworkJoshuaMiller.c in Sources */ = {isa = PBXBuildFile; fileRef = 0FEF2C8819ECE4530064CEDA /* LoopingHomeworkJoshuaMiller.c */; };
		0FEF2CD819ECE4530064CEDA /* Program3.3.c in Sources */ = {isa = PBXBuildFile; fileRef = 0FEF2C8A19ECE4530064CEDA /* Program3.3.c */; };
		0FEF2CD919ECE4530064CEDA /* Program3.4.c in Sources */ = {isa = PBXBuildFile; fileRef = 0FEF2C8B19ECE4530064CEDA /* Program3.4.c */; };
		0FEF2CDA19ECE4530064CEDA /* Program3.5.c in Sources */ = {isa = PBXBuildFile; fileRef = 0FEF2C8C19ECE4530064CEDA /* Program3.5.c */; };
		0FEF2CDB19ECE4530064CEDA /* Program3.6.c in Sources */ = {isa = PBXBuildFile; fileRef = 0FEF2C8D19ECE4530064CEDA /* Program3.6.c */; };
		0FEF2CDC19ECE4530064CEDA /* Program4.1.c in Sources */ = {isa = PBXBuildFile; fileRef = 0FEF2C8E19ECE4530064CEDA /* Program4.1.c */; };
		0FEF2CDD19ECE4530064CEDA /* Program4.2.c in Sources */ = {isa = PBXBuildFile; fileRef = 0FEF2C8F19ECE4530064CEDA /* Program4.2.c */; };
		0FEF2CDE19ECE4530064CEDA /* Program4.3.c in Sources */ = {isa = PBXBuildFile; fileRef = 0FEF2C9019ECE4530064CEDA /* Program4.3.c */; };
		0FEF2CDF19ECE4530064CEDA /* Program4.4.c in Sources */ = {isa = PBXBuildFile; fileRef = 0FEF2C9119ECE4530064CEDA /* Program4.4.c */; };
		0FEF2CE019ECE4530064CEDA /* Program4.5.c in Sources */ = {isa = PBXBuildFile; fileRef = 0FEF2C9219ECE4530064CEDA /* Program4.5.c */; };
		0FEF2CE119ECE4530064CEDA /* Program5.1.c in Sources */ = {isa = PBXBuildFile; fileRef = 0FEF2C9319ECE4530064CEDA /* Program5.1.c */; };
		0FEF2CE219ECE4530064CEDA /* Program5.2.c in Sources */ = {isa = PBXBuildFile; fileRef = 0FEF2C9419ECE4530064CEDA /* Program5.2.c */; };
		0FEF2CE319ECE4530064CEDA /* Program5.3.c in Sources */ = {isa = PBXBuildFile; fileRef = 0FEF2C9519ECE4530064CEDA /* Program5.3.c */; };
		0FEF2CE419ECE4530064CEDA /* Program5.4.c in Sources */ = {isa = PBXBuildFile; fileRef = 0FEF2C9619ECE4530064CEDA /* Program5.4.c */; };
		0FEF2CE519ECE4530064CEDA /* Program5.5.c in Sources */ = {isa = PBXBuildFile; fileRef = 0FEF2C9719ECE4530064CEDA /* Program5.5.c */; };
		0FEF2CE619ECE4530064CEDA /* Program5.6.c in Sources */ = {isa = PBXBuildFile; fileRef = 0FEF2C9819ECE4530064CEDA /* Program5.6.c */; };
		0FEF2CE719ECE4530064CEDA /* Program5.7.c in Sources */ = {isa = PBXBuildFile; fileRef = 0FEF2C9919ECE4530064CEDA /* Program5.7.c */; };
		0FEF2CE819ECE4530064CEDA /* Program5.8.c in Sources */ = {isa = PBXBuildFile; fileRef = 0FEF2C9A19ECE4530064CEDA /* Program5.8.c */; };
		0FEF2CE919ECE4530064CEDA /* Program5.9.c in Sources */ = {isa = PBXBuildFile; fileRef = 0FEF2C9B19ECE4530064CEDA /* Program5.9.c */; };
		0FEF2CEA19ECE4530064CEDA /* Program6.1.c in Sources */ = {isa = PBXBuildFile; fileRef = 0FEF2C9C19ECE4530064CEDA /* Program6.1.c */; };
		0FEF2CEB19ECE4530064CEDA /* Program6.2.c in Sources */ = {isa = PBXBuildFile; fileRef = 0FEF2C9D19ECE4530064CEDA /* Program6.2.c */; };
		0FEF2CEC19ECE4530064CEDA /* Program6.3.c in Sources */ = {isa = PBXBuildFile; fileRef = 0FEF2C9E19ECE4530064CEDA /* Program6.3.c */; };
		0FEF2CED19ECE4530064CEDA /* Program6.5.c in Sources */ = {isa = PBXBuildFile; fileRef = 0FEF2C9F19ECE4530064CEDA /* Program6.5.c */; };
		0FEF2CEE19ECE4530064CEDA /* Program6.6.c in Sources */ = {isa = PBXBuildFile; fileRef = 0FEF2CA019ECE4530064CEDA /* Program6.6.c */; };
		0FEF2CEF19ECE4530064CEDA /* Program6.7.c in Sources */ = {isa = PBXBuildFile; fileRef = 0FEF2CA119ECE4530064CEDA /* Program6.7.c */; };
		0FEF2CF019ECE4530064CEDA /* Program6.8.c in Sources */ = {isa = PBXBuildFile; fileRef = 0FEF2CA219ECE4530064CEDA /* Program6.8.c */; };
		0FEF2CF119ECE4530064CEDA /* Program6.8A.c in Sources */ = {isa = PBXBuildFile; fileRef = 0FEF2CA319ECE4530064CEDA /* Program6.8A.c */; };
		0FEF2CF219ECE4530064CEDA /* Program6.9.c in Sources */ = {isa = PBXBuildFile; fileRef = 0FEF2CA419ECE4530064CEDA /* Program6.9.c */; };
		0FEF2CF319ECE4530064CEDA /* Program6.10.c in Sources */ = {isa = PBXBuildFile; fileRef = 0FEF2CA519ECE4530064CEDA /* Program6.10.c */; };
		0FEF2CF419ECE4530064CEDA /* Program6.10A.c in Sources */ = {isa = PBXBuildFile; fileRef = 0FEF2CA619ECE4530064CEDA /* Program6.10A.c */; };
		0FEF2CF519ECE4530064CEDA /* Program7.1.c in Sources */ = {isa = PBXBuildFile; fileRef = 0FEF2CA719ECE4530064CEDA /* Program7.1.c */; };
		0FEF2CF619ECE4530064CEDA /* Program7.2.c in Sources */ = {isa = PBXBuildFile; fileRef = 0FEF2CA819ECE4530064CEDA /* Program7.2.c */; };
		0FEF2CF719ECE4530064CEDA /* Program7.3.c in Sources */ = {isa = PBXBuildFile; fileRef = 0FEF2CA919ECE4530064CEDA /* Program7.3.c */; };
		0FEF2CF819ECE4530064CEDA /* Program7.4.c in Sources */ = {isa = PBXBuildFile; fileRef = 0FEF2CAA19ECE4530064CEDA /* Program7.4.c */; };
		0FEF2CF919ECE4530064CEDA /* Program7.5.c in Sources */ = {isa = PBXBuildFile; fileRef = 0FEF2CAB19ECE4530064CEDA /* Program7.5.c */; };
		0FEF2CFA19ECE4530064CEDA /* Program7.6.c in Sources */ = {isa = PBXBuildFile; fileRef = 0FEF2CAC19ECE4530064CEDA /* Program7.6.c */; };
		0FEF2CFB19ECE4530064CEDA /* Program7.7.c in Sources */ = {isa = PBXBuildFile; fileRef = 0FEF2CAD19ECE4530064CEDA /* Program7.7.c */; };
		0FEF2CFC19ECE4530064CEDA /* Program7.8.c in Sources */ = {isa = PBXBuildFile; fileRef = 0FEF2CAE19ECE4530064CEDA /* Program7.8.c */; };
		0FEF2CFD19ECE4530064CEDA /* Program8.1.c in Sources */ = {isa = PBXBuildFile; fileRef = 0FEF2CAF19ECE4530064CEDA /* Program8.1.c */; };
		0FEF2CFE19ECE4530064CEDA /* Program8.4.c in Sources */ = {isa = PBXBuildFile; fileRef = 0FEF2CB019ECE4530064CEDA /* Program8.4.c */; };
		0FEF2CFF19ECE4530064CEDA /* Program8.5.c in Sources */ = {isa = PBXBuildFile; fileRef = 0FEF2CB119ECE4530064CEDA /* Program8.5.c */; };
		0FEF2D0019ECE4530064CEDA /* Program8.6.c in Sources */ = {isa = PBXBuildFile; fileRef = 0FEF2CB219ECE4530064CEDA /* Program8.6.c */; };
		0FEF2D0119ECE4530064CEDA /* Program8.7.c in Sources */ = {isa = PBXBuildFile; fileRef = 0FEF2CB319ECE4530064CEDA /* Program8.7.c */; };
		0FEF2D0219ECE4530064CEDA /* Program8.8.c in Sources */ = {isa = PBXBuildFile; fileRef = 0FEF2CB419ECE4530064CEDA /* Program8.8.c */; };
		0FEF2D0319ECE4530064CEDA /* Program8.9.c in Sources */ = {isa = PBXBuildFile; fileRef = 0FEF2CB519ECE4530064CEDA /* Program8.9.c */; };
		0FEF2D0419ECE4530064CEDA /* Program8.10.c in Sources */ = {isa = PBXBuildFile; fileRef = 0FEF2CB619ECE4530064CEDA /* Program8.10.c */; };
		0FEF2D0519ECE4530064CEDA /* Program8.11.c in Sources */ = {isa = PBXBuildFile; fileRef = 0FEF2CB719ECE4530064CEDA /* Program8.11.c */; };
		0FEF2D0619ECE4530064CEDA /* Program8.12.c in Sources */ = {isa = PBXBuildFile; fileRef = 0FEF2CB819ECE4530064CEDA /* Program8.12.c */; };
		0FEF2D0719ECE4530064CEDA /* Program8.13.c in Sources */ = {isa = PBXBuildFile; fileRef = 0FEF2CB919ECE4530064CEDA /* Program8.13.c */; };
		0FEF2D0819ECE4530064CEDA /* Program8.13A.c in Sources */ = {isa = PBXBuildFile; fileRef = 0FEF2CBA19ECE4530064CEDA /* Program8.13A.c */; };
		0FEF2D0919ECE4530064CEDA /* Program8.14.c in Sources */ = {isa = PBXBuildFile; fileRef = 0FEF2CBB19ECE4530064CEDA /* Program8.14.c */; };
		0FEF2D0A19ECE4530064CEDA /* Program8.15.c in Sources */ = {isa = PBXBuildFile; fileRef = 0FEF2CBC19ECE4530064CEDA /* Program8.15.c */; };
		0FEF2D0B19ECE4530064CEDA /* Program8.16.c in Sources */ = {isa = PBXBuildFile; fileRef = 0FEF2CBD19ECE4530064CEDA /* Program8.16.c */; };
		0FEF2D0C19ECE4530064CEDA /* Program9.1.c in Sources */ = {isa = PBXBuildFile; fileRef = 0FEF2CBE19ECE4530064CEDA /* Program9.1.c */; };
		0FEF2D0D19ECE4530064CEDA /* Program9.2.c in Sources */ = {isa = PBXBuildFile; fileRef = 0FEF2CBF19ECE4530064CEDA /* Program9.2.c */; };
		0FEF2D0E19ECE4530064CEDA /* Program9.3.c in Sources */ = {isa = PBXBuildFile; fileRef = 0FEF2CC019ECE4530064CEDA /* Program9.3.c */; };
		0FEF2D0F19ECE4530064CEDA /* Program9.4.c in Sources */ = {isa = PBXBuildFile; fileRef = 0FEF2CC119ECE4530064CEDA /* Program9.4.c */; };
		0FEF2D1019ECE4530064CEDA /* Program9.5.c in Sources */ = {isa = PBXBuildFile; fileRef = 0FEF2CC219ECE4530064CEDA /* Program9.5.c */; };
		0FEF2D1119ECE4530064CEDA /* Program9.6.c in Sources */ = {isa = PBXBuildFile; fileRef = 0FEF2CC319ECE4530064CEDA /* Program9.6.c */; };
		0FEF2D1219ECE4530064CEDA /* Program9.7.c in Sources */ = {isa = PBXBuildFile; fileRef = 0FEF2CC419ECE4530064CEDA /* Program9.7.c */; };
		0FEF2D1F19ECE9FC0064CEDA /* Program10.1.c in Sources */ = {isa = PBXBuildFile; fileRef = 0FEF2D1D19ECE9FC0064CEDA /* Program10.1.c */; };
		0FEF2D2119ED80120064CEDA /* Program10.2.c in Sources */ = {isa = PBXBuildFile; fileRef = 0FEF2D2019ED80120064CEDA /* Program10.2.c */; };
		0FEF2D2419EDB5C70064CEDA /* Program10.3.c in Sources */ = {isa = PBXBuildFile; fileRef = 0FEF2D2219EDB5C70064CEDA /* Program10.3.c */; };
/* End PBXBuildFile section */

/* Begin PBXCopyFilesBuildPhase section */
		0F9E7A8E19ECE2F300203893 /* CopyFiles */ = {
			isa = PBXCopyFilesBuildPhase;
			buildActionMask = 2147483647;
			dstPath = /usr/share/man/man1/;
			dstSubfolderSpec = 0;
			files = (
			);
			runOnlyForDeploymentPostprocessing = 1;
		};
/* End PBXCopyFilesBuildPhase section */

/* Begin PBXFileReference section */
		0F9E7A9019ECE2F300203893 /* C_Programming_UMass */ = {isa = PBXFileReference; explicitFileType = "compiled.mach-o.executable"; includeInIndex = 0; path = C_Programming_UMass; sourceTree = BUILT_PRODUCTS_DIR; };
		0F9E7A9319ECE2F300203893 /* main.c */ = {isa = PBXFileReference; lastKnownFileType = sourcecode.c.c; path = main.c; sourceTree = "<group>"; };
		0FB56CCA19EE5CA1009A7981 /* Program10.4.c */ = {isa = PBXFileReference; fileEncoding = 4; lastKnownFileType = sourcecode.c.c; path = Program10.4.c; sourceTree = "<group>"; };
		0FB56CCC19EE629D009A7981 /* Program10.5.c */ = {isa = PBXFileReference; fileEncoding = 4; lastKnownFileType = sourcecode.c.c; path = Program10.5.c; sourceTree = "<group>"; };
		0FB56CCE19EE649A009A7981 /* Program10.6.c */ = {isa = PBXFileReference; fileEncoding = 4; lastKnownFileType = sourcecode.c.c; path = Program10.6.c; sourceTree = "<group>"; };
		0FB56CD019EE74B0009A7981 /* Program10.7.c */ = {isa = PBXFileReference; fileEncoding = 4; lastKnownFileType = sourcecode.c.c; path = Program10.7.c; sourceTree = "<group>"; };
		0FB56CD219EE88B2009A7981 /* Program10.8.c */ = {isa = PBXFileReference; fileEncoding = 4; lastKnownFileType = sourcecode.c.c; path = Program10.8.c; sourceTree = "<group>"; };
		0FEF2C7719ECE4530064CEDA /* Chapter3Exercise2.c */ = {isa = PBXFileReference; fileEncoding = 4; lastKnownFileType = sourcecode.c.c; path = Chapter3Exercise2.c; sourceTree = "<group>"; };
		0FEF2C7819ECE4530064CEDA /* Chapter3Exercise4.c */ = {isa = PBXFileReference; fileEncoding = 4; lastKnownFileType = sourcecode.c.c; path = Chapter3Exercise4.c; sourceTree = "<group>"; };
		0FEF2C7919ECE4530064CEDA /* Chapter3Exercise6.c */ = {isa = PBXFileReference; fileEncoding = 4; lastKnownFileType = sourcecode.c.c; path = Chapter3Exercise6.c; sourceTree = "<group>"; };
		0FEF2C7A19ECE4530064CEDA /* Chapter4Exercise4.c */ = {isa = PBXFileReference; fileEncoding = 4; lastKnownFileType = sourcecode.c.c; path = Chapter4Exercise4.c; sourceTree = "<group>"; };
		0FEF2C7B19ECE4530064CEDA /* Chapter4Exercise6.c */ = {isa = PBXFileReference; fileEncoding = 4; lastKnownFileType = sourcecode.c.c; path = Chapter4Exercise6.c; sourceTree = "<group>"; };
		0FEF2C7C19ECE4530064CEDA /* Chapter5Exercise2.c */ = {isa = PBXFileReference; fileEncoding = 4; lastKnownFileType = sourcecode.c.c; path = Chapter5Exercise2.c; sourceTree = "<group>"; };
		0FEF2C7D19ECE4530064CEDA /* Chapter5Exercise3.c */ = {isa = PBXFileReference; fileEncoding = 4; lastKnownFileType = sourcecode.c.c; path = Chapter5Exercise3.c; sourceTree = "<group>"; };
		0FEF2C7E19ECE4530064CEDA /* Chapter5Exercise4.c */ = {isa = PBXFileReference; fileEncoding = 4; lastKnownFileType = sourcecode.c.c; path = Chapter5Exercise4.c; sourceTree = "<group>"; };
		0FEF2C7F19ECE4530064CEDA /* Chapter6Exercise2.c */ = {isa = PBXFileReference; fileEncoding = 4; lastKnownFileType = sourcecode.c.c; path = Chapter6Exercise2.c; sourceTree = "<group>"; };
		0FEF2C8019ECE4530064CEDA /* Chapter6Exercise3.c */ = {isa = PBXFileReference; fileEncoding = 4; lastKnownFileType = sourcecode.c.c; path = Chapter6Exercise3.c; sourceTree = "<group>"; };
		0FEF2C8119ECE4530064CEDA /* Chapter9Exercise2.c */ = {isa = PBXFileReference; fileEncoding = 4; lastKnownFileType = sourcecode.c.c; path = Chapter9Exercise2.c; sourceTree = "<group>"; };
		0FEF2C8219ECE4530064CEDA /* CoolStuff.c */ = {isa = PBXFileReference; fileEncoding = 4; lastKnownFileType = sourcecode.c.c; path = CoolStuff.c; sourceTree = "<group>"; };
		0FEF2C8319ECE4530064CEDA /* CProgrammingMidTermJoshuaMiller.c */ = {isa = PBXFileReference; fileEncoding = 4; lastKnownFileType = sourcecode.c.c; path = CProgrammingMidTermJoshuaMiller.c; sourceTree = "<group>"; };
		0FEF2C8419ECE4530064CEDA /* HomeworkAssignment2JoshuaMiller.c */ = {isa = PBXFileReference; fileEncoding = 4; lastKnownFileType = sourcecode.c.c; path = HomeworkAssignment2JoshuaMiller.c; sourceTree = "<group>"; };
		0FEF2C8519ECE4530064CEDA /* HomeworkAssignment3JoshuaMiller.c */ = {isa = PBXFileReference; fileEncoding = 4; lastKnownFileType = sourcecode.c.c; path = HomeworkAssignment3JoshuaMiller.c; sourceTree = "<group>"; };
		0FEF2C8619ECE4530064CEDA /* HomeworkAssignment4JoshuaMiller.c */ = {isa = PBXFileReference; fileEncoding = 4; lastKnownFileType = sourcecode.c.c; path = HomeworkAssignment4JoshuaMiller.c; sourceTree = "<group>"; };
		0FEF2C8719ECE4530064CEDA /* HomeworkAssignment5JoshuaMiller.c */ = {isa = PBXFileReference; fileEncoding = 4; lastKnownFileType = sourcecode.c.c; path = HomeworkAssignment5JoshuaMiller.c; sourceTree = "<group>"; };
		0FEF2C8819ECE4530064CEDA /* LoopingHomeworkJoshuaMiller.c */ = {isa = PBXFileReference; fileEncoding = 4; lastKnownFileType = sourcecode.c.c; path = LoopingHomeworkJoshuaMiller.c; sourceTree = "<group>"; };
		0FEF2C8A19ECE4530064CEDA /* Program3.3.c */ = {isa = PBXFileReference; fileEncoding = 4; lastKnownFileType = sourcecode.c.c; path = Program3.3.c; sourceTree = "<group>"; };
		0FEF2C8B19ECE4530064CEDA /* Program3.4.c */ = {isa = PBXFileReference; fileEncoding = 4; lastKnownFileType = sourcecode.c.c; path = Program3.4.c; sourceTree = "<group>"; };
		0FEF2C8C19ECE4530064CEDA /* Program3.5.c */ = {isa = PBXFileReference; fileEncoding = 4; lastKnownFileType = sourcecode.c.c; path = Program3.5.c; sourceTree = "<group>"; };
		0FEF2C8D19ECE4530064CEDA /* Program3.6.c */ = {isa = PBXFileReference; fileEncoding = 4; lastKnownFileType = sourcecode.c.c; path = Program3.6.c; sourceTree = "<group>"; };
		0FEF2C8E19ECE4530064CEDA /* Program4.1.c */ = {isa = PBXFileReference; fileEncoding = 4; lastKnownFileType = sourcecode.c.c; path = Program4.1.c; sourceTree = "<group>"; };
		0FEF2C8F19ECE4530064CEDA /* Program4.2.c */ = {isa = PBXFileReference; fileEncoding = 4; lastKnownFileType = sourcecode.c.c; path = Program4.2.c; sourceTree = "<group>"; };
		0FEF2C9019ECE4530064CEDA /* Program4.3.c */ = {isa = PBXFileReference; fileEncoding = 4; lastKnownFileType = sourcecode.c.c; path = Program4.3.c; sourceTree = "<group>"; };
		0FEF2C9119ECE4530064CEDA /* Program4.4.c */ = {isa = PBXFileReference; fileEncoding = 4; lastKnownFileType = sourcecode.c.c; path = Program4.4.c; sourceTree = "<group>"; };
		0FEF2C9219ECE4530064CEDA /* Program4.5.c */ = {isa = PBXFileReference; fileEncoding = 4; lastKnownFileType = sourcecode.c.c; path = Program4.5.c; sourceTree = "<group>"; };
		0FEF2C9319ECE4530064CEDA /* Program5.1.c */ = {isa = PBXFileReference; fileEncoding = 4; lastKnownFileType = sourcecode.c.c; path = Program5.1.c; sourceTree = "<group>"; };
		0FEF2C9419ECE4530064CEDA /* Program5.2.c */ = {isa = PBXFileReference; fileEncoding = 4; lastKnownFileType = sourcecode.c.c; path = Program5.2.c; sourceTree = "<group>"; };
		0FEF2C9519ECE4530064CEDA /* Program5.3.c */ = {isa = PBXFileReference; fileEncoding = 4; lastKnownFileType = sourcecode.c.c; path = Program5.3.c; sourceTree = "<group>"; };
		0FEF2C9619ECE4530064CEDA /* Program5.4.c */ = {isa = PBXFileReference; fileEncoding = 4; lastKnownFileType = sourcecode.c.c; path = Program5.4.c; sourceTree = "<group>"; };
		0FEF2C9719ECE4530064CEDA /* Program5.5.c */ = {isa = PBXFileReference; fileEncoding = 4; lastKnownFileType = sourcecode.c.c; path = Program5.5.c; sourceTree = "<group>"; };
		0FEF2C9819ECE4530064CEDA /* Program5.6.c */ = {isa = PBXFileReference; fileEncoding = 4; lastKnownFileType = sourcecode.c.c; path = Program5.6.c; sourceTree = "<group>"; };
		0FEF2C9919ECE4530064CEDA /* Program5.7.c */ = {isa = PBXFileReference; fileEncoding = 4; lastKnownFileType = sourcecode.c.c; path = Program5.7.c; sourceTree = "<group>"; };
		0FEF2C9A19ECE4530064CEDA /* Program5.8.c */ = {isa = PBXFileReference; fileEncoding = 4; lastKnownFileType = sourcecode.c.c; path = Program5.8.c; sourceTree = "<group>"; };
		0FEF2C9B19ECE4530064CEDA /* Program5.9.c */ = {isa = PBXFileReference; fileEncoding = 4; lastKnownFileType = sourcecode.c.c; path = Program5.9.c; sourceTree = "<group>"; };
		0FEF2C9C19ECE4530064CEDA /* Program6.1.c */ = {isa = PBXFileReference; fileEncoding = 4; lastKnownFileType = sourcecode.c.c; path = Program6.1.c; sourceTree = "<group>"; };
		0FEF2C9D19ECE4530064CEDA /* Program6.2.c */ = {isa = PBXFileReference; fileEncoding = 4; lastKnownFileType = sourcecode.c.c; path = Program6.2.c; sourceTree = "<group>"; };
		0FEF2C9E19ECE4530064CEDA /* Program6.3.c */ = {isa = PBXFileReference; fileEncoding = 4; lastKnownFileType = sourcecode.c.c; path = Program6.3.c; sourceTree = "<group>"; };
		0FEF2C9F19ECE4530064CEDA /* Program6.5.c */ = {isa = PBXFileReference; fileEncoding = 4; lastKnownFileType = sourcecode.c.c; path = Program6.5.c; sourceTree = "<group>"; };
		0FEF2CA019ECE4530064CEDA /* Program6.6.c */ = {isa = PBXFileReference; fileEncoding = 4; lastKnownFileType = sourcecode.c.c; path = Program6.6.c; sourceTree = "<group>"; };
		0FEF2CA119ECE4530064CEDA /* Program6.7.c */ = {isa = PBXFileReference; fileEncoding = 4; lastKnownFileType = sourcecode.c.c; path = Program6.7.c; sourceTree = "<group>"; };
		0FEF2CA219ECE4530064CEDA /* Program6.8.c */ = {isa = PBXFileReference; fileEncoding = 4; lastKnownFileType = sourcecode.c.c; path = Program6.8.c; sourceTree = "<group>"; };
		0FEF2CA319ECE4530064CEDA /* Program6.8A.c */ = {isa = PBXFileReference; fileEncoding = 4; lastKnownFileType = sourcecode.c.c; path = Program6.8A.c; sourceTree = "<group>"; };
		0FEF2CA419ECE4530064CEDA /* Program6.9.c */ = {isa = PBXFileReference; fileEncoding = 4; lastKnownFileType = sourcecode.c.c; path = Program6.9.c; sourceTree = "<group>"; };
		0FEF2CA519ECE4530064CEDA /* Program6.10.c */ = {isa = PBXFileReference; fileEncoding = 4; lastKnownFileType = sourcecode.c.c; path = Program6.10.c; sourceTree = "<group>"; };
		0FEF2CA619ECE4530064CEDA /* Program6.10A.c */ = {isa = PBXFileReference; fileEncoding = 4; lastKnownFileType = sourcecode.c.c; path = Program6.10A.c; sourceTree = "<group>"; };
		0FEF2CA719ECE4530064CEDA /* Program7.1.c */ = {isa = PBXFileReference; fileEncoding = 4; lastKnownFileType = sourcecode.c.c; path = Program7.1.c; sourceTree = "<group>"; };
		0FEF2CA819ECE4530064CEDA /* Program7.2.c */ = {isa = PBXFileReference; fileEncoding = 4; lastKnownFileType = sourcecode.c.c; path = Program7.2.c; sourceTree = "<group>"; };
		0FEF2CA919ECE4530064CEDA /* Program7.3.c */ = {isa = PBXFileReference; fileEncoding = 4; lastKnownFileType = sourcecode.c.c; path = Program7.3.c; sourceTree = "<group>"; };
		0FEF2CAA19ECE4530064CEDA /* Program7.4.c */ = {isa = PBXFileReference; fileEncoding = 4; lastKnownFileType = sourcecode.c.c; path = Program7.4.c; sourceTree = "<group>"; };
		0FEF2CAB19ECE4530064CEDA /* Program7.5.c */ = {isa = PBXFileReference; fileEncoding = 4; lastKnownFileType = sourcecode.c.c; path = Program7.5.c; sourceTree = "<group>"; };
		0FEF2CAC19ECE4530064CEDA /* Program7.6.c */ = {isa = PBXFileReference; fileEncoding = 4; lastKnownFileType = sourcecode.c.c; path = Program7.6.c; sourceTree = "<group>"; };
		0FEF2CAD19ECE4530064CEDA /* Program7.7.c */ = {isa = PBXFileReference; fileEncoding = 4; lastKnownFileType = sourcecode.c.c; path = Program7.7.c; sourceTree = "<group>"; };
		0FEF2CAE19ECE4530064CEDA /* Program7.8.c */ = {isa = PBXFileReference; fileEncoding = 4; lastKnownFileType = sourcecode.c.c; path = Program7.8.c; sourceTree = "<group>"; };
		0FEF2CAF19ECE4530064CEDA /* Program8.1.c */ = {isa = PBXFileReference; fileEncoding = 4; lastKnownFileType = sourcecode.c.c; path = Program8.1.c; sourceTree = "<group>"; };
		0FEF2CB019ECE4530064CEDA /* Program8.4.c */ = {isa = PBXFileReference; fileEncoding = 4; lastKnownFileType = sourcecode.c.c; path = Program8.4.c; sourceTree = "<group>"; };
		0FEF2CB119ECE4530064CEDA /* Program8.5.c */ = {isa = PBXFileReference; fileEncoding = 4; lastKnownFileType = sourcecode.c.c; path = Program8.5.c; sourceTree = "<group>"; };
		0FEF2CB219ECE4530064CEDA /* Program8.6.c */ = {isa = PBXFileReference; fileEncoding = 4; lastKnownFileType = sourcecode.c.c; path = Program8.6.c; sourceTree = "<group>"; };
		0FEF2CB319ECE4530064CEDA /* Program8.7.c */ = {isa = PBXFileReference; fileEncoding = 4; lastKnownFileType = sourcecode.c.c; path = Program8.7.c; sourceTree = "<group>"; };
		0FEF2CB419ECE4530064CEDA /* Program8.8.c */ = {isa = PBXFileReference; fileEncoding = 4; lastKnownFileType = sourcecode.c.c; path = Program8.8.c; sourceTree = "<group>"; };
		0FEF2CB519ECE4530064CEDA /* Program8.9.c */ = {isa = PBXFileReference; fileEncoding = 4; lastKnownFileType = sourcecode.c.c; path = Program8.9.c; sourceTree = "<group>"; };
		0FEF2CB619ECE4530064CEDA /* Program8.10.c */ = {isa = PBXFileReference; fileEncoding = 4; lastKnownFileType = sourcecode.c.c; path = Program8.10.c; sourceTree = "<group>"; };
		0FEF2CB719ECE4530064CEDA /* Program8.11.c */ = {isa = PBXFileReference; fileEncoding = 4; lastKnownFileType = sourcecode.c.c; path = Program8.11.c; sourceTree = "<group>"; };
		0FEF2CB819ECE4530064CEDA /* Program8.12.c */ = {isa = PBXFileReference; fileEncoding = 4; lastKnownFileType = sourcecode.c.c; path = Program8.12.c; sourceTree = "<group>"; };
		0FEF2CB919ECE4530064CEDA /* Program8.13.c */ = {isa = PBXFileReference; fileEncoding = 4; lastKnownFileType = sourcecode.c.c; path = Program8.13.c; sourceTree = "<group>"; };
		0FEF2CBA19ECE4530064CEDA /* Program8.13A.c */ = {isa = PBXFileReference; fileEncoding = 4; lastKnownFileType = sourcecode.c.c; path = Program8.13A.c; sourceTree = "<group>"; };
		0FEF2CBB19ECE4530064CEDA /* Program8.14.c */ = {isa = PBXFileReference; fileEncoding = 4; lastKnownFileType = sourcecode.c.c; path = Program8.14.c; sourceTree = "<group>"; };
		0FEF2CBC19ECE4530064CEDA /* Program8.15.c */ = {isa = PBXFileReference; fileEncoding = 4; lastKnownFileType = sourcecode.c.c; path = Program8.15.c; sourceTree = "<group>"; };
		0FEF2CBD19ECE4530064CEDA /* Program8.16.c */ = {isa = PBXFileReference; fileEncoding = 4; lastKnownFileType = sourcecode.c.c; path = Program8.16.c; sourceTree = "<group>"; };
		0FEF2CBE19ECE4530064CEDA /* Program9.1.c */ = {isa = PBXFileReference; fileEncoding = 4; lastKnownFileType = sourcecode.c.c; path = Program9.1.c; sourceTree = "<group>"; };
		0FEF2CBF19ECE4530064CEDA /* Program9.2.c */ = {isa = PBXFileReference; fileEncoding = 4; lastKnownFileType = sourcecode.c.c; path = Program9.2.c; sourceTree = "<group>"; };
		0FEF2CC019ECE4530064CEDA /* Program9.3.c */ = {isa = PBXFileReference; fileEncoding = 4; lastKnownFileType = sourcecode.c.c; path = Program9.3.c; sourceTree = "<group>"; };
		0FEF2CC119ECE4530064CEDA /* Program9.4.c */ = {isa = PBXFileReference; fileEncoding = 4; lastKnownFileType = sourcecode.c.c; path = Program9.4.c; sourceTree = "<group>"; };
		0FEF2CC219ECE4530064CEDA /* Program9.5.c */ = {isa = PBXFileReference; fileEncoding = 4; lastKnownFileType = sourcecode.c.c; path = Program9.5.c; sourceTree = "<group>"; };
		0FEF2CC319ECE4530064CEDA /* Program9.6.c */ = {isa = PBXFileReference; fileEncoding = 4; lastKnownFileType = sourcecode.c.c; path = Program9.6.c; sourceTree = "<group>"; };
		0FEF2CC419ECE4530064CEDA /* Program9.7.c */ = {isa = PBXFileReference; fileEncoding = 4; lastKnownFileType = sourcecode.c.c; path = Program9.7.c; sourceTree = "<group>"; };
		0FEF2D1D19ECE9FC0064CEDA /* Program10.1.c */ = {isa = PBXFileReference; fileEncoding = 4; lastKnownFileType = sourcecode.c.c; path = Program10.1.c; sourceTree = "<group>"; };
		0FEF2D2019ED80120064CEDA /* Program10.2.c */ = {isa = PBXFileReference; fileEncoding = 4; lastKnownFileType = sourcecode.c.c; path = Program10.2.c; sourceTree = "<group>"; xcLanguageSpecificationIdentifier = xcode.lang.c; };
		0FEF2D2219EDB5C70064CEDA /* Program10.3.c */ = {isa = PBXFileReference; fileEncoding = 4; lastKnownFileType = sourcecode.c.c; path = Program10.3.c; sourceTree = "<group>"; };
		0FEF2D2319EDB5C70064CEDA /* TemplateIcon2x.png */ = {isa = PBXFileReference; lastKnownFileType = image.png; path = TemplateIcon2x.png; sourceTree = "<group>"; };
/* End PBXFileReference section */

/* Begin PBXFrameworksBuildPhase section */
		0F9E7A8D19ECE2F300203893 /* Frameworks */ = {
			isa = PBXFrameworksBuildPhase;
			buildActionMask = 2147483647;
			files = (
			);
			runOnlyForDeploymentPostprocessing = 0;
		};
/* End PBXFrameworksBuildPhase section */

/* Begin PBXGroup section */
		0F9E7A8719ECE2F300203893 = {
			isa = PBXGroup;
			children = (
				0F9E7A9219ECE2F300203893 /* C_Programming_UMass */,
				0F9E7A9119ECE2F300203893 /* Products */,
			);
			sourceTree = "<group>";
		};
		0F9E7A9119ECE2F300203893 /* Products */ = {
			isa = PBXGroup;
			children = (
				0F9E7A9019ECE2F300203893 /* C_Programming_UMass */,
			);
			name = Products;
			sourceTree = "<group>";
		};
		0F9E7A9219ECE2F300203893 /* C_Programming_UMass */ = {
			isa = PBXGroup;
			children = (
				0FEF2D1319ECE4760064CEDA /* Chapter 3 */,
				0FEF2D1419ECE4840064CEDA /* Chapter 4 */,
				0FEF2D1519ECE4940064CEDA /* Chapter 5 */,
				0FEF2D1619ECE4A30064CEDA /* Chapter 6 */,
				0FEF2D1719ECE4B60064CEDA /* Chapter 7 */,
				0FEF2D1819ECE4C10064CEDA /* Chapter 8 */,
				0FEF2D1919ECE4CB0064CEDA /* Chapter 9 */,
				0FEF2D1C19ECE86F0064CEDA /* Chapter 10 */,
				0FEF2D1A19ECE4D50064CEDA /* Homework */,
				0F9E7A9319ECE2F300203893 /* main.c */,
				0FEF2D1B19ECE4E10064CEDA /* Midterm */,
			);
			path = C_Programming_UMass;
			sourceTree = "<group>";
		};
		0FEF2D1319ECE4760064CEDA /* Chapter 3 */ = {
			isa = PBXGroup;
			children = (
				0FEF2C7719ECE4530064CEDA /* Chapter3Exercise2.c */,
				0FEF2C7819ECE4530064CEDA /* Chapter3Exercise4.c */,
				0FEF2C7919ECE4530064CEDA /* Chapter3Exercise6.c */,
				0FEF2C8A19ECE4530064CEDA /* Program3.3.c */,
				0FEF2C8B19ECE4530064CEDA /* Program3.4.c */,
				0FEF2C8C19ECE4530064CEDA /* Program3.5.c */,
				0FEF2C8D19ECE4530064CEDA /* Program3.6.c */,
			);
			name = "Chapter 3";
			sourceTree = "<group>";
		};
		0FEF2D1419ECE4840064CEDA /* Chapter 4 */ = {
			isa = PBXGroup;
			children = (
				0FEF2C7A19ECE4530064CEDA /* Chapter4Exercise4.c */,
				0FEF2C7B19ECE4530064CEDA /* Chapter4Exercise6.c */,
				0FEF2C8E19ECE4530064CEDA /* Program4.1.c */,
				0FEF2C8F19ECE4530064CEDA /* Program4.2.c */,
				0FEF2C9019ECE4530064CEDA /* Program4.3.c */,
				0FEF2C9119ECE4530064CEDA /* Program4.4.c */,
				0FEF2C9219ECE4530064CEDA /* Program4.5.c */,
			);
			name = "Chapter 4";
			sourceTree = "<group>";
		};
		0FEF2D1519ECE4940064CEDA /* Chapter 5 */ = {
			isa = PBXGroup;
			children = (
				0FEF2C7C19ECE4530064CEDA /* Chapter5Exercise2.c */,
				0FEF2C7D19ECE4530064CEDA /* Chapter5Exercise3.c */,
				0FEF2C7E19ECE4530064CEDA /* Chapter5Exercise4.c */,
				0FEF2C9319ECE4530064CEDA /* Program5.1.c */,
				0FEF2C9419ECE4530064CEDA /* Program5.2.c */,
				0FEF2C9519ECE4530064CEDA /* Program5.3.c */,
				0FEF2C9619ECE4530064CEDA /* Program5.4.c */,
				0FEF2C9719ECE4530064CEDA /* Program5.5.c */,
				0FEF2C9819ECE4530064CEDA /* Program5.6.c */,
				0FEF2C9919ECE4530064CEDA /* Program5.7.c */,
				0FEF2C9A19ECE4530064CEDA /* Program5.8.c */,
				0FEF2C9B19ECE4530064CEDA /* Program5.9.c */,
			);
			name = "Chapter 5";
			sourceTree = "<group>";
		};
		0FEF2D1619ECE4A30064CEDA /* Chapter 6 */ = {
			isa = PBXGroup;
			children = (
				0FEF2C8019ECE4530064CEDA /* Chapter6Exercise3.c */,
				0FEF2C7F19ECE4530064CEDA /* Chapter6Exercise2.c */,
				0FEF2C9C19ECE4530064CEDA /* Program6.1.c */,
				0FEF2C9D19ECE4530064CEDA /* Program6.2.c */,
				0FEF2C9E19ECE4530064CEDA /* Program6.3.c */,
				0FEF2C9F19ECE4530064CEDA /* Program6.5.c */,
				0FEF2CA019ECE4530064CEDA /* Program6.6.c */,
				0FEF2CA119ECE4530064CEDA /* Program6.7.c */,
				0FEF2CA219ECE4530064CEDA /* Program6.8.c */,
				0FEF2CA319ECE4530064CEDA /* Program6.8A.c */,
				0FEF2CA419ECE4530064CEDA /* Program6.9.c */,
				0FEF2CA519ECE4530064CEDA /* Program6.10.c */,
				0FEF2CA619ECE4530064CEDA /* Program6.10A.c */,
			);
			name = "Chapter 6";
			sourceTree = "<group>";
		};
		0FEF2D1719ECE4B60064CEDA /* Chapter 7 */ = {
			isa = PBXGroup;
			children = (
				0FEF2CA719ECE4530064CEDA /* Program7.1.c */,
				0FEF2CA819ECE4530064CEDA /* Program7.2.c */,
				0FEF2CA919ECE4530064CEDA /* Program7.3.c */,
				0FEF2CAA19ECE4530064CEDA /* Program7.4.c */,
				0FEF2CAB19ECE4530064CEDA /* Program7.5.c */,
				0FEF2CAC19ECE4530064CEDA /* Program7.6.c */,
				0FEF2CAD19ECE4530064CEDA /* Program7.7.c */,
				0FEF2CAE19ECE4530064CEDA /* Program7.8.c */,
			);
			name = "Chapter 7";
			sourceTree = "<group>";
		};
		0FEF2D1819ECE4C10064CEDA /* Chapter 8 */ = {
			isa = PBXGroup;
			children = (
				0FEF2CAF19ECE4530064CEDA /* Program8.1.c */,
				0FEF2CB019ECE4530064CEDA /* Program8.4.c */,
				0FEF2CB119ECE4530064CEDA /* Program8.5.c */,
				0FEF2CB219ECE4530064CEDA /* Program8.6.c */,
				0FEF2CB319ECE4530064CEDA /* Program8.7.c */,
				0FEF2CB419ECE4530064CEDA /* Program8.8.c */,
				0FEF2CB519ECE4530064CEDA /* Program8.9.c */,
				0FEF2CB619ECE4530064CEDA /* Program8.10.c */,
				0FEF2CB719ECE4530064CEDA /* Program8.11.c */,
				0FEF2CB819ECE4530064CEDA /* Program8.12.c */,
				0FEF2CB919ECE4530064CEDA /* Program8.13.c */,
				0FEF2CBA19ECE4530064CEDA /* Program8.13A.c */,
				0FEF2CBB19ECE4530064CEDA /* Program8.14.c */,
				0FEF2CBC19ECE4530064CEDA /* Program8.15.c */,
				0FEF2CBD19ECE4530064CEDA /* Program8.16.c */,
			);
			name = "Chapter 8";
			sourceTree = "<group>";
		};
		0FEF2D1919ECE4CB0064CEDA /* Chapter 9 */ = {
			isa = PBXGroup;
			children = (
				0FEF2C8119ECE4530064CEDA /* Chapter9Exercise2.c */,
				0FEF2CBE19ECE4530064CEDA /* Program9.1.c */,
				0FEF2CBF19ECE4530064CEDA /* Program9.2.c */,
				0FEF2CC019ECE4530064CEDA /* Program9.3.c */,
				0FEF2CC119ECE4530064CEDA /* Program9.4.c */,
				0FEF2CC219ECE4530064CEDA /* Program9.5.c */,
				0FEF2CC319ECE4530064CEDA /* Program9.6.c */,
				0FEF2CC419ECE4530064CEDA /* Program9.7.c */,
			);
			name = "Chapter 9";
			sourceTree = "<group>";
		};
		0FEF2D1A19ECE4D50064CEDA /* Homework */ = {
			isa = PBXGroup;
			children = (
				0FEF2C8419ECE4530064CEDA /* HomeworkAssignment2JoshuaMiller.c */,
				0FEF2C8519ECE4530064CEDA /* HomeworkAssignment3JoshuaMiller.c */,
				0FEF2C8619ECE4530064CEDA /* HomeworkAssignment4JoshuaMiller.c */,
				0FEF2C8719ECE4530064CEDA /* HomeworkAssignment5JoshuaMiller.c */,
				0FEF2C8819ECE4530064CEDA /* LoopingHomeworkJoshuaMiller.c */,
			);
			name = Homework;
			sourceTree = "<group>";
		};
		0FEF2D1B19ECE4E10064CEDA /* Midterm */ = {
			isa = PBXGroup;
			children = (
				0FEF2D2319EDB5C70064CEDA /* TemplateIcon2x.png */,
				0FEF2C8219ECE4530064CEDA /* CoolStuff.c */,
				0FEF2C8319ECE4530064CEDA /* CProgrammingMidTermJoshuaMiller.c */,
			);
			name = Midterm;
			sourceTree = "<group>";
		};
		0FEF2D1C19ECE86F0064CEDA /* Chapter 10 */ = {
			isa = PBXGroup;
			children = (
				0FEF2D1D19ECE9FC0064CEDA /* Program10.1.c */,
				0FEF2D2019ED80120064CEDA /* Program10.2.c */,
				0FEF2D2219EDB5C70064CEDA /* Program10.3.c */,
				0FB56CCA19EE5CA1009A7981 /* Program10.4.c */,
				0FB56CCC19EE629D009A7981 /* Program10.5.c */,
				0FB56CCE19EE649A009A7981 /* Program10.6.c */,
				0FB56CD019EE74B0009A7981 /* Program10.7.c */,
				0FB56CD219EE88B2009A7981 /* Program10.8.c */,
			);
			name = "Chapter 10";
			sourceTree = "<group>";
		};
/* End PBXGroup section */

/* Begin PBXNativeTarget section */
		0F9E7A8F19ECE2F300203893 /* C_Programming_UMass */ = {
			isa = PBXNativeTarget;
			buildConfigurationList = 0F9E7A9719ECE2F300203893 /* Build configuration list for PBXNativeTarget "C_Programming_UMass" */;
			buildPhases = (
				0F9E7A8C19ECE2F300203893 /* Sources */,
				0F9E7A8D19ECE2F300203893 /* Frameworks */,
				0F9E7A8E19ECE2F300203893 /* CopyFiles */,
			);
			buildRules = (
			);
			dependencies = (
			);
			name = C_Programming_UMass;
			productName = C_Programming_UMass;
			productReference = 0F9E7A9019ECE2F300203893 /* C_Programming_UMass */;
			productType = "com.apple.product-type.tool";
		};
/* End PBXNativeTarget section */

/* Begin PBXProject section */
		0F9E7A8819ECE2F300203893 /* Project object */ = {
			isa = PBXProject;
			attributes = {
				LastUpgradeCheck = 0600;
				ORGANIZATIONNAME = "Yehuda Miller";
				TargetAttributes = {
					0F9E7A8F19ECE2F300203893 = {
						CreatedOnToolsVersion = 6.0.1;
					};
				};
			};
			buildConfigurationList = 0F9E7A8B19ECE2F300203893 /* Build configuration list for PBXProject "C_Programming_UMass" */;
			compatibilityVersion = "Xcode 3.2";
			developmentRegion = English;
			hasScannedForEncodings = 0;
			knownRegions = (
				en,
			);
			mainGroup = 0F9E7A8719ECE2F300203893;
			productRefGroup = 0F9E7A9119ECE2F300203893 /* Products */;
			projectDirPath = "";
			projectRoot = "";
			targets = (
				0F9E7A8F19ECE2F300203893 /* C_Programming_UMass */,
			);
		};
/* End PBXProject section */

/* Begin PBXSourcesBuildPhase section */
		0F9E7A8C19ECE2F300203893 /* Sources */ = {
			isa = PBXSourcesBuildPhase;
			buildActionMask = 2147483647;
			files = (
				0FEF2CC719ECE4530064CEDA /* Chapter3Exercise6.c in Sources */,
				0FEF2CDC19ECE4530064CEDA /* Program4.1.c in Sources */,
				0FEF2D0419ECE4530064CEDA /* Program8.10.c in Sources */,
				0FEF2CCA19ECE4530064CEDA /* Chapter5Exercise2.c in Sources */,
				0FEF2CD919ECE4530064CEDA /* Program3.4.c in Sources */,
				0FB56CCB19EE5CA1009A7981 /* Program10.4.c in Sources */,
				0FEF2CE219ECE4530064CEDA /* Program5.2.c in Sources */,
				0FEF2CF719ECE4530064CEDA /* Program7.3.c in Sources */,
				0FEF2D0119ECE4530064CEDA /* Program8.7.c in Sources */,
				0FEF2D0519ECE4530064CEDA /* Program8.11.c in Sources */,
				0FEF2D0A19ECE4530064CEDA /* Program8.15.c in Sources */,
				0FEF2CCF19ECE4530064CEDA /* Chapter9Exercise2.c in Sources */,
				0FEF2CD819ECE4530064CEDA /* Program3.3.c in Sources */,
				0FB56CCD19EE629D009A7981 /* Program10.5.c in Sources */,
				0FEF2D0D19ECE4530064CEDA /* Program9.2.c in Sources */,
				0FB56CD119EE74B0009A7981 /* Program10.7.c in Sources */,
				0FEF2CDE19ECE4530064CEDA /* Program4.3.c in Sources */,
				0FEF2CF819ECE4530064CEDA /* Program7.4.c in Sources */,
				0FEF2CDF19ECE4530064CEDA /* Program4.4.c in Sources */,
				0FEF2CFE19ECE4530064CEDA /* Program8.4.c in Sources */,
				0FEF2CD619ECE4530064CEDA /* LoopingHomeworkJoshuaMiller.c in Sources */,
				0FEF2D0719ECE4530064CEDA /* Program8.13.c in Sources */,
				0FEF2CD119ECE4530064CEDA /* CProgrammingMidTermJoshuaMiller.c in Sources */,
				0FEF2D0C19ECE4530064CEDA /* Program9.1.c in Sources */,
				0FEF2D1F19ECE9FC0064CEDA /* Program10.1.c in Sources */,
				0FEF2CF319ECE4530064CEDA /* Program6.10.c in Sources */,
				0FEF2CE319ECE4530064CEDA /* Program5.3.c in Sources */,
				0FEF2CC919ECE4530064CEDA /* Chapter4Exercise6.c in Sources */,
				0FEF2CE119ECE4530064CEDA /* Program5.1.c in Sources */,
				0FEF2CE419ECE4530064CEDA /* Program5.4.c in Sources */,
				0FEF2D0319ECE4530064CEDA /* Program8.9.c in Sources */,
				0FEF2D0019ECE4530064CEDA /* Program8.6.c in Sources */,
				0FEF2CD519ECE4530064CEDA /* HomeworkAssignment5JoshuaMiller.c in Sources */,
				0FEF2D1219ECE4530064CEDA /* Program9.7.c in Sources */,
				0FEF2CE019ECE4530064CEDA /* Program4.5.c in Sources */,
				0FEF2D1019ECE4530064CEDA /* Program9.5.c in Sources */,
				0FEF2CEC19ECE4530064CEDA /* Program6.3.c in Sources */,
				0FEF2CFA19ECE4530064CEDA /* Program7.6.c in Sources */,
				0FEF2CFC19ECE4530064CEDA /* Program7.8.c in Sources */,
				0FEF2CD419ECE4530064CEDA /* HomeworkAssignment4JoshuaMiller.c in Sources */,
				0FEF2CCB19ECE4530064CEDA /* Chapter5Exercise3.c in Sources */,
				0FEF2CEB19ECE4530064CEDA /* Program6.2.c in Sources */,
				0FEF2CF119ECE4530064CEDA /* Program6.8A.c in Sources */,
				0FEF2D0B19ECE4530064CEDA /* Program8.16.c in Sources */,
				0FEF2CFF19ECE4530064CEDA /* Program8.5.c in Sources */,
				0FEF2CD219ECE4530064CEDA /* HomeworkAssignment2JoshuaMiller.c in Sources */,
				0FEF2CF019ECE4530064CEDA /* Program6.8.c in Sources */,
				0FEF2CEA19ECE4530064CEDA /* Program6.1.c in Sources */,
				0FEF2CDB19ECE4530064CEDA /* Program3.6.c in Sources */,
				0FEF2CE819ECE4530064CEDA /* Program5.8.c in Sources */,
				0FEF2D0619ECE4530064CEDA /* Program8.12.c in Sources */,
				0FEF2CC519ECE4530064CEDA /* Chapter3Exercise2.c in Sources */,
				0FEF2CCD19ECE4530064CEDA /* Chapter6Exercise2.c in Sources */,
				0FEF2D1119ECE4530064CEDA /* Program9.6.c in Sources */,
				0FEF2CFB19ECE4530064CEDA /* Program7.7.c in Sources */,
				0FEF2D0F19ECE4530064CEDA /* Program9.4.c in Sources */,
				0FEF2CD019ECE4530064CEDA /* CoolStuff.c in Sources */,
				0FEF2D0919ECE4530064CEDA /* Program8.14.c in Sources */,
				0FEF2D2119ED80120064CEDA /* Program10.2.c in Sources */,
				0FEF2CF519ECE4530064CEDA /* Program7.1.c in Sources */,
				0FEF2CED19ECE4530064CEDA /* Program6.5.c in Sources */,
				0FEF2D0819ECE4530064CEDA /* Program8.13A.c in Sources */,
				0FEF2CE919ECE4530064CEDA /* Program5.9.c in Sources */,
				0FEF2CCE19ECE4530064CEDA /* Chapter6Exercise3.c in Sources */,
				0FEF2CF219ECE4530064CEDA /* Program6.9.c in Sources */,
				0FEF2CDA19ECE4530064CEDA /* Program3.5.c in Sources */,
				0FEF2D0E19ECE4530064CEDA /* Program9.3.c in Sources */,
				0FEF2CE619ECE4530064CEDA /* Program5.6.c in Sources */,
				0FEF2CEE19ECE4530064CEDA /* Program6.6.c in Sources */,
				0FEF2CD319ECE4530064CEDA /* HomeworkAssignment3JoshuaMiller.c in Sources */,
				0F9E7A9419ECE2F300203893 /* main.c in Sources */,
				0FEF2D2419EDB5C70064CEDA /* Program10.3.c in Sources */,
				0FEF2CFD19ECE4530064CEDA /* Program8.1.c in Sources */,
				0FEF2CF919ECE4530064CEDA /* Program7.5.c in Sources */,
				0FEF2CF419ECE4530064CEDA /* Program6.10A.c in Sources */,
				0FEF2CCC19ECE4530064CEDA /* Chapter5Exercise4.c in Sources */,
				0FEF2CE519ECE4530064CEDA /* Program5.5.c in Sources */,
				0FB56CD319EE88B2009A7981 /* Program10.8.c in Sources */,
				0FEF2CDD19ECE4530064CEDA /* Program4.2.c in Sources */,
				0FEF2CF619ECE4530064CEDA /* Program7.2.c in Sources */,
				0FEF2D0219ECE4530064CEDA /* Program8.8.c in Sources */,
				0FEF2CEF19ECE4530064CEDA /* Program6.7.c in Sources */,
				0FEF2CC819ECE4530064CEDA /* Chapter4Exercise4.c in Sources */,
				0FEF2CC619ECE4530064CEDA /* Chapter3Exercise4.c in Sources */,
				0FEF2CE719ECE4530064CEDA /* Program5.7.c in Sources */,
				0FB56CCF19EE649A009A7981 /* Program10.6.c in Sources */,
			);
			runOnlyForDeploymentPostprocessing = 0;
		};
/* End PBXSourcesBuildPhase section */

/* Begin XCBuildConfiguration section */
		0F9E7A9519ECE2F300203893 /* Debug */ = {
			isa = XCBuildConfiguration;
			buildSettings = {
				ALWAYS_SEARCH_USER_PATHS = NO;
				CLANG_CXX_LANGUAGE_STANDARD = "gnu++0x";
				CLANG_CXX_LIBRARY = "libc++";
				CLANG_ENABLE_MODULES = YES;
				CLANG_ENABLE_OBJC_ARC = YES;
				CLANG_WARN_BOOL_CONVERSION = YES;
				CLANG_WARN_CONSTANT_CONVERSION = YES;
				CLANG_WARN_DIRECT_OBJC_ISA_USAGE = YES_ERROR;
				CLANG_WARN_EMPTY_BODY = YES;
				CLANG_WARN_ENUM_CONVERSION = YES;
				CLANG_WARN_INT_CONVERSION = YES;
				CLANG_WARN_OBJC_ROOT_CLASS = YES_ERROR;
				CLANG_WARN_UNREACHABLE_CODE = YES;
				CLANG_WARN__DUPLICATE_METHOD_MATCH = YES;
				COPY_PHASE_STRIP = NO;
				ENABLE_STRICT_OBJC_MSGSEND = YES;
				GCC_C_LANGUAGE_STANDARD = gnu99;
				GCC_DYNAMIC_NO_PIC = NO;
				GCC_OPTIMIZATION_LEVEL = 0;
				GCC_PREPROCESSOR_DEFINITIONS = (
					"DEBUG=1",
					"$(inherited)",
				);
				GCC_SYMBOLS_PRIVATE_EXTERN = NO;
				GCC_WARN_64_TO_32_BIT_CONVERSION = YES;
				GCC_WARN_ABOUT_RETURN_TYPE = YES_ERROR;
				GCC_WARN_UNDECLARED_SELECTOR = YES;
				GCC_WARN_UNINITIALIZED_AUTOS = YES_AGGRESSIVE;
				GCC_WARN_UNUSED_FUNCTION = YES;
				GCC_WARN_UNUSED_VARIABLE = YES;
				MACOSX_DEPLOYMENT_TARGET = 10.9;
				MTL_ENABLE_DEBUG_INFO = YES;
				ONLY_ACTIVE_ARCH = YES;
				SDKROOT = macosx;
			};
			name = Debug;
		};
		0F9E7A9619ECE2F300203893 /* Release */ = {
			isa = XCBuildConfiguration;
			buildSettings = {
				ALWAYS_SEARCH_USER_PATHS = NO;
				CLANG_CXX_LANGUAGE_STANDARD = "gnu++0x";
				CLANG_CXX_LIBRARY = "libc++";
				CLANG_ENABLE_MODULES = YES;
				CLANG_ENABLE_OBJC_ARC = YES;
				CLANG_WARN_BOOL_CONVERSION = YES;
				CLANG_WARN_CONSTANT_CONVERSION = YES;
				CLANG_WARN_DIRECT_OBJC_ISA_USAGE = YES_ERROR;
				CLANG_WARN_EMPTY_BODY = YES;
				CLANG_WARN_ENUM_CONVERSION = YES;
				CLANG_WARN_INT_CONVERSION = YES;
				CLANG_WARN_OBJC_ROOT_CLASS = YES_ERROR;
				CLANG_WARN_UNREACHABLE_CODE = YES;
				CLANG_WARN__DUPLICATE_METHOD_MATCH = YES;
				COPY_PHASE_STRIP = YES;
				DEBUG_INFORMATION_FORMAT = "dwarf-with-dsym";
				ENABLE_NS_ASSERTIONS = NO;
				ENABLE_STRICT_OBJC_MSGSEND = YES;
				GCC_C_LANGUAGE_STANDARD = gnu99;
				GCC_WARN_64_TO_32_BIT_CONVERSION = YES;
				GCC_WARN_ABOUT_RETURN_TYPE = YES_ERROR;
				GCC_WARN_UNDECLARED_SELECTOR = YES;
				GCC_WARN_UNINITIALIZED_AUTOS = YES_AGGRESSIVE;
				GCC_WARN_UNUSED_FUNCTION = YES;
				GCC_WARN_UNUSED_VARIABLE = YES;
				MACOSX_DEPLOYMENT_TARGET = 10.9;
				MTL_ENABLE_DEBUG_INFO = NO;
				SDKROOT = macosx;
			};
			name = Release;
		};
		0F9E7A9819ECE2F300203893 /* Debug */ = {
			isa = XCBuildConfiguration;
			buildSettings = {
				PRODUCT_NAME = "$(TARGET_NAME)";
			};
			name = Debug;
		};
		0F9E7A9919ECE2F300203893 /* Release */ = {
			isa = XCBuildConfiguration;
			buildSettings = {
				PRODUCT_NAME = "$(TARGET_NAME)";
			};
			name = Release;
		};
/* End XCBuildConfiguration section */

/* Begin XCConfigurationList section */
		0F9E7A8B19ECE2F300203893 /* Build configuration list for PBXProject "C_Programming_UMass" */ = {
			isa = XCConfigurationList;
			buildConfigurations = (
				0F9E7A9519ECE2F300203893 /* Debug */,
				0F9E7A9619ECE2F300203893 /* Release */,
			);
			defaultConfigurationIsVisible = 0;
			defaultConfigurationName = Release;
		};
		0F9E7A9719ECE2F300203893 /* Build configuration list for PBXNativeTarget "C_Programming_UMass" */ = {
			isa = XCConfigurationList;
			buildConfigurations = (
				0F9E7A9819ECE2F300203893 /* Debug */,
				0F9E7A9919ECE2F300203893 /* Release */,
			);
			defaultConfigurationIsVisible = 0;
			defaultConfigurationName = Release;
		};
/* End XCConfigurationList section */
	};
	rootObject = 0F9E7A8819ECE2F300203893 /* Project object */;
}
